# THIS IS AN AUTOGENERATED FILE. DO NOT EDIT THIS FILE DIRECTLY.
# yarn lockfile v1


"@isaacs/fs-minipass@^4.0.0":
  version "4.0.1"
  resolved "https://registry.npmjs.org/@isaacs/fs-minipass/-/fs-minipass-4.0.1.tgz"
  integrity sha512-wgm9Ehl2jpeqP3zw/7mo3kRHFp5MEDhqAdwy1fTGkHAwnkGOVsgpvQhL8B5n1qlb01jV3n/bI0ZfZp5lWA1k4w==
  dependencies:
    minipass "^7.0.4"

"@supabase/auth-js@2.71.1":
  version "2.71.1"
  resolved "https://registry.yarnpkg.com/@supabase/auth-js/-/auth-js-2.71.1.tgz#349802c3b8275d62437e755ba73bd0cd8c26cd93"
  integrity sha512-mMIQHBRc+SKpZFRB2qtupuzulaUhFYupNyxqDj5Jp/LyPvcWvjaJzZzObv6URtL/O6lPxkanASnotGtNpS3H2Q==
  dependencies:
    "@supabase/node-fetch" "^2.6.14"

"@supabase/functions-js@2.4.5":
  version "2.4.5"
  resolved "https://registry.yarnpkg.com/@supabase/functions-js/-/functions-js-2.4.5.tgz#0a87d1a296bb32a1474c9322c932d9bbd4993d74"
  integrity sha512-v5GSqb9zbosquTo6gBwIiq7W9eQ7rE5QazsK/ezNiQXdCbY+bH8D9qEaBIkhVvX4ZRW5rP03gEfw5yw9tiq4EQ==
  dependencies:
    "@supabase/node-fetch" "^2.6.14"

"@supabase/node-fetch@2.6.15", "@supabase/node-fetch@^2.6.14":
  version "2.6.15"
  resolved "https://registry.yarnpkg.com/@supabase/node-fetch/-/node-fetch-2.6.15.tgz#731271430e276983191930816303c44159e7226c"
  integrity sha512-1ibVeYUacxWYi9i0cf5efil6adJ9WRyZBLivgjs+AUpewx1F3xPi7gLgaASI2SmIQxPoCEjAsLAzKPgMJVgOUQ==
  dependencies:
    whatwg-url "^5.0.0"

"@supabase/node-fetch@^2.6.13":
  version "2.6.13"
  resolved "https://registry.yarnpkg.com/@supabase/node-fetch/-/node-fetch-2.6.13.tgz#0d36219a9e2134049a7317591e1d4fbf73a42ec4"
  integrity sha512-rEHQaDVzxLZMCK3p+JW2nzEsK4AJpOQhetppaqAzrFum0Ub8wcnoM/8f1dWRZSulY5fRDP6rJaWT/8X3VleCzg==
  dependencies:
    whatwg-url "^5.0.0"

"@supabase/postgrest-js@1.21.3":
  version "1.21.3"
  resolved "https://registry.yarnpkg.com/@supabase/postgrest-js/-/postgrest-js-1.21.3.tgz#1ecad47a96f7ecb141ae6a1d565b8d6f124c2081"
  integrity sha512-rg3DmmZQKEVCreXq6Am29hMVe1CzemXyIWVYyyua69y6XubfP+DzGfLxME/1uvdgwqdoaPbtjBDpEBhqxq1ZwA==
  dependencies:
    "@supabase/node-fetch" "^2.6.14"

"@supabase/realtime-js@2.15.5":
  version "2.15.5"
  resolved "https://registry.yarnpkg.com/@supabase/realtime-js/-/realtime-js-2.15.5.tgz#bc2174518d913639f685fb03b8327a6aa6fb33cb"
  integrity sha512-/Rs5Vqu9jejRD8ZeuaWXebdkH+J7V6VySbCZ/zQM93Ta5y3mAmocjioa/nzlB6qvFmyylUgKVS1KpE212t30OA==
  dependencies:
    "@supabase/node-fetch" "^2.6.13"
    "@types/phoenix" "^1.6.6"
    "@types/ws" "^8.18.1"
    ws "^8.18.2"

"@supabase/storage-js@^2.10.4":
  version "2.11.1"
  resolved "https://registry.yarnpkg.com/@supabase/storage-js/-/storage-js-2.11.1.tgz#3e36139e97f2cedc3c5c1dc041fcc15a3f3ca367"
  integrity sha512-kaKCJZcZrHDCO9L76bEPzNv2caCStOigOUioHw7CvdEzvcSKjVuomRfN2Y9EqXmJH4tEHoBi3tCs/Ye2e3HwDw==
  dependencies:
    "@supabase/node-fetch" "^2.6.14"

"@supabase/supabase-js@^2.57.2":
  version "2.57.2"
  resolved "https://registry.yarnpkg.com/@supabase/supabase-js/-/supabase-js-2.57.2.tgz#b99bfe639d1e922a5eaa94901f996b9da95a5679"
  integrity sha512-MxaZqZKUPK1ExzOilgSZqCPCxVPjevUrh6bcWz1SrDZexFc9VJ2cJbVP1EG1hKQx/bfLdTUjIZMoIrYpYqAPYw==
  dependencies:
    "@supabase/auth-js" "2.71.1"
    "@supabase/functions-js" "2.4.5"
    "@supabase/node-fetch" "2.6.15"
    "@supabase/postgrest-js" "1.21.3"
    "@supabase/realtime-js" "2.15.5"
    "@supabase/storage-js" "^2.10.4"

"@types/deno@^2.3.0":
  version "2.3.0"
  resolved "https://registry.npmjs.org/@types/deno/-/deno-2.3.0.tgz"
  integrity sha512-/4SyefQpKjwNKGkq9qG3Ln7MazfbWKvydyVFBnXzP5OQA4u1paoFtaOe1iHKycIWHHkhYag0lPxyheThV1ijzw==

"@types/node@*":
  version "24.3.1"
  resolved "https://registry.yarnpkg.com/@types/node/-/node-24.3.1.tgz#b0a3fb2afed0ef98e8d7f06d46ef6349047709f3"
  integrity sha512-3vXmQDXy+woz+gnrTvuvNrPzekOi+Ds0ReMxw0LzBiK3a+1k0kQn9f2NWk+lgD4rJehFUmYy2gMhJ2ZI+7YP9g==
  dependencies:
    undici-types "~7.10.0"

"@types/phoenix@^1.6.6":
  version "1.6.6"
  resolved "https://registry.yarnpkg.com/@types/phoenix/-/phoenix-1.6.6.tgz#3c1ab53fd5a23634b8e37ea72ccacbf07fbc7816"
  integrity sha512-PIzZZlEppgrpoT2QgbnDU+MMzuR6BbCjllj0bM70lWoejMeNJAxCchxnv7J3XFkI8MpygtRpzXrIlmWUBclP5A==

"@types/ws@^8.18.1":
  version "8.18.1"
  resolved "https://registry.yarnpkg.com/@types/ws/-/ws-8.18.1.tgz#48464e4bf2ddfd17db13d845467f6070ffea4aa9"
  integrity sha512-ThVF6DCVhA8kUGy+aazFQ4kXQ7E1Ty7A3ypFOe0IcJV8O/M511G99AW24irKrW56Wt44yG9+ij8FaqoBGkuBXg==
  dependencies:
    "@types/node" "*"

agent-base@^7.1.2:
  version "7.1.4"
  resolved "https://registry.npmjs.org/agent-base/-/agent-base-7.1.4.tgz"
  integrity sha512-MnA+YT8fwfJPgBx3m60MNqakm30XOkyIoH1y6huTQvC0PwZG7ki8NacLBcrPbNoo8vEZy7Jpuk7+jMO+CUovTQ==

bin-links@^5.0.0:
  version "5.0.0"
  resolved "https://registry.npmjs.org/bin-links/-/bin-links-5.0.0.tgz"
  integrity sha512-sdleLVfCjBtgO5cNjA2HVRvWBJAHs4zwenaCPMNJAJU0yNxpzj80IpjOIimkpkr+mhlA+how5poQtt53PygbHA==
  dependencies:
    cmd-shim "^7.0.0"
    npm-normalize-package-bin "^4.0.0"
    proc-log "^5.0.0"
    read-cmd-shim "^5.0.0"
    write-file-atomic "^6.0.0"

chownr@^3.0.0:
  version "3.0.0"
  resolved "https://registry.npmjs.org/chownr/-/chownr-3.0.0.tgz"
  integrity sha512-+IxzY9BZOQd/XuYPRmrvEVjF/nqj5kgT4kEq7VofrDoM1MxoRjEWkrCC3EtLi59TVawxTAn+orJwFQcrqEN1+g==

cmd-shim@^7.0.0:
  version "7.0.0"
  resolved "https://registry.npmjs.org/cmd-shim/-/cmd-shim-7.0.0.tgz"
  integrity sha512-rtpaCbr164TPPh+zFdkWpCyZuKkjpAzODfaZCf/SVJZzJN+4bHQb/LP3Jzq5/+84um3XXY8r548XiWKSborwVw==

data-uri-to-buffer@^4.0.0:
  version "4.0.1"
  resolved "https://registry.npmjs.org/data-uri-to-buffer/-/data-uri-to-buffer-4.0.1.tgz"
  integrity sha512-0R9ikRb668HB7QDxT1vkpuUBtqc53YyAwMwGeUFKRojY/NWKvdZ+9UYtRfGmhqNbRkTSVpMbmyhXipFFv2cb/A==

debug@4:
  version "4.4.1"
  resolved "https://registry.npmjs.org/debug/-/debug-4.4.1.tgz"
  integrity sha512-KcKCqiftBJcZr++7ykoDIEwSa3XWowTfNPo92BYxjXiyYEVrUQh2aLyhxBCwww+heortUFxEJYcRzosstTEBYQ==
  dependencies:
    ms "^2.1.3"

fetch-blob@^3.1.2, fetch-blob@^3.1.4:
  version "3.2.0"
  resolved "https://registry.npmjs.org/fetch-blob/-/fetch-blob-3.2.0.tgz"
  integrity sha512-7yAQpD2UMJzLi1Dqv7qFYnPbaPx7ZfFK6PiIxQ4PfkGPyNyl2Ugx+a/umUonmKqjhM4DnfbMvdX6otXq83soQQ==
  dependencies:
    node-domexception "^1.0.0"
    web-streams-polyfill "^3.0.3"

formdata-polyfill@^4.0.10:
  version "4.0.10"
  resolved "https://registry.npmjs.org/formdata-polyfill/-/formdata-polyfill-4.0.10.tgz"
  integrity sha512-buewHzMvYL29jdeQTVILecSaZKnt/RJWjoZCF5OW60Z67/GmSLBkOFM7qh1PI3zFNtJbaZL5eQu1vLfazOwj4g==
  dependencies:
    fetch-blob "^3.1.2"

https-proxy-agent@^7.0.2:
  version "7.0.6"
  resolved "https://registry.npmjs.org/https-proxy-agent/-/https-proxy-agent-7.0.6.tgz"
  integrity sha512-vK9P5/iUfdl95AI+JVyUuIcVtd4ofvtrOr3HNtM2yxC9bnMbEdp3x01OhQNnjb8IJYi38VlTE3mBXwcfvywuSw==
  dependencies:
    agent-base "^7.1.2"
    debug "4"

imurmurhash@^0.1.4:
  version "0.1.4"
  resolved "https://registry.npmjs.org/imurmurhash/-/imurmurhash-0.1.4.tgz"
  integrity sha512-JmXMZ6wuvDmLiHEml9ykzqO6lwFbof0GG4IkcGaENdCRDDmMVnny7s5HsIgHCbaq0w2MyPhDqkhTUgS2LU2PHA==

minipass@^7.0.4, minipass@^7.1.2:
  version "7.1.2"
  resolved "https://registry.npmjs.org/minipass/-/minipass-7.1.2.tgz"
  integrity sha512-qOOzS1cBTWYF4BH8fVePDBOO9iptMnGUEZwNc/cMWnTV2nVLZ7VoNWEPHkYczZA0pdoA7dl6e7FL659nX9S2aw==

minizlib@^3.0.1:
  version "3.0.2"
  resolved "https://registry.npmjs.org/minizlib/-/minizlib-3.0.2.tgz"
  integrity sha512-oG62iEk+CYt5Xj2YqI5Xi9xWUeZhDI8jjQmC5oThVH5JGCTgIjr7ciJDzC7MBzYd//WvR1OTmP5Q38Q8ShQtVA==
  dependencies:
    minipass "^7.1.2"

mkdirp@^3.0.1:
  version "3.0.1"
  resolved "https://registry.npmjs.org/mkdirp/-/mkdirp-3.0.1.tgz"
  integrity sha512-+NsyUUAZDmo6YVHzL/stxSu3t9YS1iljliy3BSDrXJ/dkn1KYdmtZODGGjLcc9XLgVVpH4KshHB8XmZgMhaBXg==

ms@^2.1.3:
  version "2.1.3"
  resolved "https://registry.npmjs.org/ms/-/ms-2.1.3.tgz"
  integrity sha512-6FlzubTLZG3J2a/NVCAleEhjzq5oxgHyaCU9yYXvcLsvoVaHJq/s5xXI6/XXP6tz7R9xAOtHnSO/tXtF3WRTlA==

node-domexception@^1.0.0:
  version "1.0.0"
  resolved "https://registry.npmjs.org/node-domexception/-/node-domexception-1.0.0.tgz"
  integrity sha512-/jKZoMpw0F8GRwl4/eLROPA3cfcXtLApP0QzLmUT/HuPCZWyB7IY9ZrMeKw2O/nFIqPQB3PVM9aYm0F312AXDQ==

node-fetch@^3.3.2:
  version "3.3.2"
  resolved "https://registry.npmjs.org/node-fetch/-/node-fetch-3.3.2.tgz"
  integrity sha512-dRB78srN/l6gqWulah9SrxeYnxeddIG30+GOqK/9OlLVyLg3HPnr6SqOWTWOXKRwC2eGYCkZ59NNuSgvSrpgOA==
  dependencies:
    data-uri-to-buffer "^4.0.0"
    fetch-blob "^3.1.4"
    formdata-polyfill "^4.0.10"

npm-normalize-package-bin@^4.0.0:
  version "4.0.0"
  resolved "https://registry.npmjs.org/npm-normalize-package-bin/-/npm-normalize-package-bin-4.0.0.tgz"
  integrity sha512-TZKxPvItzai9kN9H/TkmCtx/ZN/hvr3vUycjlfmH0ootY9yFBzNOpiXAdIn1Iteqsvk4lQn6B5PTrt+n6h8k/w==

prettier@^3.6.2:
  version "3.6.2"
  resolved "https://registry.yarnpkg.com/prettier/-/prettier-3.6.2.tgz#ccda02a1003ebbb2bfda6f83a074978f608b9393"
  integrity sha512-I7AIg5boAr5R0FFtJ6rCfD+LFsWHp81dolrFD8S79U9tb8Az2nGrJncnMSnys+bpQJfRUzqs9hnA81OAA3hCuQ==

proc-log@^5.0.0:
  version "5.0.0"
  resolved "https://registry.npmjs.org/proc-log/-/proc-log-5.0.0.tgz"
  integrity sha512-Azwzvl90HaF0aCz1JrDdXQykFakSSNPaPoiZ9fm5qJIMHioDZEi7OAdRwSm6rSoPtY3Qutnm3L7ogmg3dc+wbQ==

read-cmd-shim@^5.0.0:
  version "5.0.0"
  resolved "https://registry.npmjs.org/read-cmd-shim/-/read-cmd-shim-5.0.0.tgz"
  integrity sha512-SEbJV7tohp3DAAILbEMPXavBjAnMN0tVnh4+9G8ihV4Pq3HYF9h8QNez9zkJ1ILkv9G2BjdzwctznGZXgu/HGw==

signal-exit@^4.0.1:
  version "4.1.0"
  resolved "https://registry.npmjs.org/signal-exit/-/signal-exit-4.1.0.tgz"
  integrity sha512-bzyZ1e88w9O1iNJbKnOlvYTrWPDl46O1bG0D3XInv+9tkPrxrN8jUUTiFlDkkmKWgn1M6CfIA13SuGqOa9Korw==

supabase@^2.31.8:
  version "2.31.8"
  resolved "https://registry.yarnpkg.com/supabase/-/supabase-2.31.8.tgz#a5058a42eaf5975014ef9b08ef75826f9cf9a4b7"
  integrity sha512-AsALbB9qKqUhu5A8gZK5VMR2SPo2DPP7W544MBk7JKfLo3Pi8YoAxGxx5skarfeqDtHkzEREU/seFIaYP/bl3A==
  dependencies:
    bin-links "^5.0.0"
    https-proxy-agent "^7.0.2"
    node-fetch "^3.3.2"
    tar "7.4.3"

tar@7.4.3:
  version "7.4.3"
  resolved "https://registry.npmjs.org/tar/-/tar-7.4.3.tgz"
  integrity sha512-5S7Va8hKfV7W5U6g3aYxXmlPoZVAwUMy9AOKyF2fVuZa2UD3qZjg578OrLRt8PcNN1PleVaL/5/yYATNL0ICUw==
  dependencies:
    "@isaacs/fs-minipass" "^4.0.0"
    chownr "^3.0.0"
    minipass "^7.1.2"
    minizlib "^3.0.1"
    mkdirp "^3.0.1"
    yallist "^5.0.0"

tr46@~0.0.3:
  version "0.0.3"
  resolved "https://registry.yarnpkg.com/tr46/-/tr46-0.0.3.tgz#8184fd347dac9cdc185992f3a6622e14b9d9ab6a"
  integrity sha512-N3WMsuqV66lT30CrXNbEjx4GEwlow3v6rr4mCcv6prnfwhS01rkgyFdjPNBYd9br7LpXV1+Emh01fHnq2Gdgrw==

undici-types@~7.10.0:
  version "7.10.0"
  resolved "https://registry.yarnpkg.com/undici-types/-/undici-types-7.10.0.tgz#4ac2e058ce56b462b056e629cc6a02393d3ff350"
  integrity sha512-t5Fy/nfn+14LuOc2KNYg75vZqClpAiqscVvMygNnlsHBFpSXdJaYtXMcdNLpl/Qvc3P2cB3s6lOV51nqsFq4ag==

web-streams-polyfill@^3.0.3:
  version "3.3.3"
  resolved "https://registry.npmjs.org/web-streams-polyfill/-/web-streams-polyfill-3.3.3.tgz"
  integrity sha512-d2JWLCivmZYTSIoge9MsgFCZrt571BikcWGYkjC1khllbTeDlGqZ2D8vD8E/lJa8WGWbb7Plm8/XJYV7IJHZZw==

webidl-conversions@^3.0.0:
  version "3.0.1"
  resolved "https://registry.yarnpkg.com/webidl-conversions/-/webidl-conversions-3.0.1.tgz#24534275e2a7bc6be7bc86611cc16ae0a5654871"
  integrity sha512-2JAn3z8AR6rjK8Sm8orRC0h/bcl/DqL7tRPdGZ4I1CjdF+EaMLmYxBHyXuKL849eucPFhvBoxMsflfOb8kxaeQ==

whatwg-url@^5.0.0:
  version "5.0.0"
  resolved "https://registry.yarnpkg.com/whatwg-url/-/whatwg-url-5.0.0.tgz#966454e8765462e37644d3626f6742ce8b70965d"
  integrity sha512-saE57nupxk6v3HY35+jzBwYa0rKSy0XR8JSxZPwgLr7ys0IBzhGviA1/TUGJLmSVqs8pb9AnvICXEuOHLprYTw==
  dependencies:
    tr46 "~0.0.3"
    webidl-conversions "^3.0.0"

write-file-atomic@^6.0.0:
  version "6.0.0"
  resolved "https://registry.npmjs.org/write-file-atomic/-/write-file-atomic-6.0.0.tgz"
  integrity sha512-GmqrO8WJ1NuzJ2DrziEI2o57jKAVIQNf8a18W3nCYU3H7PNWqCCVTeH6/NQE93CIllIgQS98rrmVkYgTX9fFJQ==
  dependencies:
    imurmurhash "^0.1.4"
    signal-exit "^4.0.1"

ws@^8.18.2:
  version "8.18.3"
  resolved "https://registry.yarnpkg.com/ws/-/ws-8.18.3.tgz#b56b88abffde62791c639170400c93dcb0c95472"
  integrity sha512-PEIGCY5tSlUt50cqyMXfCzX+oOPqN0vuGqWzbcJ2xvnkzkq46oOpz7dQaTDBdfICb4N14+GARUDw2XV2N4tvzg==

yallist@^5.0.0:
  version "5.0.0"
  resolved "https://registry.npmjs.org/yallist/-/yallist-5.0.0.tgz"
  integrity sha512-YgvUTfwqyc7UXVMrB+SImsVYSmTS8X/tSrtdNZMImM+n7+QTriRXyXim0mBrTXNeqzVF0KWGgHPeiyViFFrNDw==
